
Microsoft Visual Studio Solution File, Format Version 12.00
# Visual Studio Version 17
VisualStudioVersion = 17.10.35027.167
MinimumVisualStudioVersion = 10.0.40219.1
Project("{9A19103F-16F7-4668-BE54-9A1E7A4F7556}") = "Pedidos.Api", "Pedidos.Api.csproj", "{828B9992-F4AE-4F18-84B3-ABBF7861DC20}"
EndProject
Project("{9A19103F-16F7-4668-BE54-9A1E7A4F7556}") = "Pedidos.Dominio", "..\Pedidos.Dominio\Pedidos.Dominio.csproj", "{7A0DF630-F925-4556-A06D-285B862BFFE3}"
EndProject
Project("{9A19103F-16F7-4668-BE54-9A1E7A4F7556}") = "Pedidos.Aplicacion", "..\Pedidos.Aplicacion\Pedidos.Aplicacion.csproj", "{C5B1AC59-51ED-4419-AD8E-B98D40266335}"
EndProject
Project("{9A19103F-16F7-4668-BE54-9A1E7A4F7556}") = "Pedidos.Infraestructura", "..\Pedidos.Infraestructura\Pedidos.Infraestructura.csproj", "{3FECEBBE-2284-47B4-AE9C-42AB19E40803}"
EndProject
Global
	GlobalSection(SolutionConfigurationPlatforms) = preSolution
		Debug|Any CPU = Debug|Any CPU
		Release|Any CPU = Release|Any CPU
	EndGlobalSection
	GlobalSection(ProjectConfigurationPlatforms) = postSolution
		{828B9992-F4AE-4F18-84B3-ABBF7861DC20}.Debug|Any CPU.ActiveCfg = Debug|Any CPU
		{828B9992-F4AE-4F18-84B3-ABBF7861DC20}.Debug|Any CPU.Build.0 = Debug|Any CPU
		{828B9992-F4AE-4F18-84B3-ABBF7861DC20}.Release|Any CPU.ActiveCfg = Release|Any CPU
		{828B9992-F4AE-4F18-84B3-ABBF7861DC20}.Release|Any CPU.Build.0 = Release|Any CPU
		{7A0DF630-F925-4556-A06D-285B862BFFE3}.Debug|Any CPU.ActiveCfg = Debug|Any CPU
		{7A0DF630-F925-4556-A06D-285B862BFFE3}.Debug|Any CPU.Build.0 = Debug|Any CPU
		{7A0DF630-F925-4556-A06D-285B862BFFE3}.Release|Any CPU.ActiveCfg = Release|Any CPU
		{7A0DF630-F925-4556-A06D-285B862BFFE3}.Release|Any CPU.Build.0 = Release|Any CPU
		{C5B1AC59-51ED-4419-AD8E-B98D40266335}.Debug|Any CPU.ActiveCfg = Debug|Any CPU
		{C5B1AC59-51ED-4419-AD8E-B98D40266335}.Debug|Any CPU.Build.0 = Debug|Any CPU
		{C5B1AC59-51ED-4419-AD8E-B98D40266335}.Release|Any CPU.ActiveCfg = Release|Any CPU
		{C5B1AC59-51ED-4419-AD8E-B98D40266335}.Release|Any CPU.Build.0 = Release|Any CPU
		{3FECEBBE-2284-47B4-AE9C-42AB19E40803}.Debug|Any CPU.ActiveCfg = Debug|Any CPU
		{3FECEBBE-2284-47B4-AE9C-42AB19E40803}.Debug|Any CPU.Build.0 = Debug|Any CPU
		{3FECEBBE-2284-47B4-AE9C-42AB19E40803}.Release|Any CPU.ActiveCfg = Release|Any CPU
		{3FECEBBE-2284-47B4-AE9C-42AB19E40803}.Release|Any CPU.Build.0 = Release|Any CPU
	EndGlobalSection
	GlobalSection(SolutionProperties) = preSolution
		HideSolutionNode = FALSE
	EndGlobalSection
	GlobalSection(ExtensibilityGlobals) = postSolution
		SolutionGuid = {F88AA0B1-26B9-4E3F-9334-CE3F70899E4A}
	EndGlobalSection
EndGlobal
